
Microsoft Visual Studio Solution File, Format Version 12.00
# Visual Studio Version 17
VisualStudioVersion = 17.2.32602.215
MinimumVisualStudioVersion = 10.0.40219.1
Project("{FAE04EC0-301F-11D3-BF4B-00C04F79EFBC}") = "Programacion2-Tarea", "Programacion2-Tarea\Programacion2-Tarea.csproj", "{581153AF-9DA4-45E6-988D-C104CF5FEFA4}"
EndProject
Global
	GlobalSection(SolutionConfigurationPlatforms) = preSolution
		Debug|Any CPU = Debug|Any CPU
		Release|Any CPU = Release|Any CPU
	EndGlobalSection
	GlobalSection(ProjectConfigurationPlatforms) = postSolution
		{581153AF-9DA4-45E6-988D-C104CF5FEFA4}.Debug|Any CPU.ActiveCfg = Debug|Any CPU
		{581153AF-9DA4-45E6-988D-C104CF5FEFA4}.Debug|Any CPU.Build.0 = Debug|Any CPU
		{581153AF-9DA4-45E6-988D-C104CF5FEFA4}.Release|Any CPU.ActiveCfg = Release|Any CPU
		{581153AF-9DA4-45E6-988D-C104CF5FEFA4}.Release|Any CPU.Build.0 = Release|Any CPU
	EndGlobalSection
	GlobalSection(SolutionProperties) = preSolution
		HideSolutionNode = FALSE
	EndGlobalSection
	GlobalSection(ExtensibilityGlobals) = postSolution
		SolutionGuid = {75AFB16D-C5B7-40F5-858F-6F4F7659D3B0}
	EndGlobalSection
EndGlobal
